Microsoft Visual Studio Solution File, Format Version 12.00
# Visual Studio Version 17
VisualStudioVersion = 17.5.2.0
MinimumVisualStudioVersion = 10.0.40219.1
Project("{FAE04EC0-301F-11D3-BF4B-00C04F79EFBC}") = "Nurse_Free_Heal_mod", "Nurse_Free_Heal_mod.csproj", "{7921C763-88A3-E8E1-F24A-03CF20CE0D4C}"
EndProject
Global
	GlobalSection(SolutionConfigurationPlatforms) = preSolution
		Debug|Any CPU = Debug|Any CPU
		Release|Any CPU = Release|Any CPU
	EndGlobalSection
	GlobalSection(ProjectConfigurationPlatforms) = postSolution
		{7921C763-88A3-E8E1-F24A-03CF20CE0D4C}.Debug|Any CPU.ActiveCfg = Debug|Any CPU
		{7921C763-88A3-E8E1-F24A-03CF20CE0D4C}.Debug|Any CPU.Build.0 = Debug|Any CPU
		{7921C763-88A3-E8E1-F24A-03CF20CE0D4C}.Release|Any CPU.ActiveCfg = Release|Any CPU
		{7921C763-88A3-E8E1-F24A-03CF20CE0D4C}.Release|Any CPU.Build.0 = Release|Any CPU
	EndGlobalSection
	GlobalSection(SolutionProperties) = preSolution
		HideSolutionNode = FALSE
	EndGlobalSection
	GlobalSection(ExtensibilityGlobals) = postSolution
		SolutionGuid = {B891C35F-78E9-4ADF-B292-A997D4808653}
	EndGlobalSection
EndGlobal
